
Microsoft Visual Studio Solution File, Format Version 12.00
# Visual Studio Version 16
VisualStudioVersion = 16.0.29613.14
MinimumVisualStudioVersion = 10.0.40219.1
Project("{FAE04EC0-301F-11D3-BF4B-00C04F79EFBC}") = "LuceMIS4200_1045_sp20", "LuceMIS4200_1045_sp20.csproj", "{83B0C056-98FD-48A1-A700-7977485088FD}"
EndProject
Global
	GlobalSection(SolutionConfigurationPlatforms) = preSolution
		Debug|Any CPU = Debug|Any CPU
		Release|Any CPU = Release|Any CPU
	EndGlobalSection
	GlobalSection(ProjectConfigurationPlatforms) = postSolution
		{83B0C056-98FD-48A1-A700-7977485088FD}.Debug|Any CPU.ActiveCfg = Debug|Any CPU
		{83B0C056-98FD-48A1-A700-7977485088FD}.Debug|Any CPU.Build.0 = Debug|Any CPU
		{83B0C056-98FD-48A1-A700-7977485088FD}.Release|Any CPU.ActiveCfg = Release|Any CPU
		{83B0C056-98FD-48A1-A700-7977485088FD}.Release|Any CPU.Build.0 = Release|Any CPU
	EndGlobalSection
	GlobalSection(SolutionProperties) = preSolution
		HideSolutionNode = FALSE
	EndGlobalSection
	GlobalSection(ExtensibilityGlobals) = postSolution
		SolutionGuid = {F3882F03-DACB-4BB1-A2EB-06E3BF70B64C}
	EndGlobalSection
EndGlobal
